PODS:
  - CCMasView (0.1.0):
    - Masonry (~> 1.1.0)
  - Masonry (1.1.0)

DEPENDENCIES:
  - CCMasView (from `../`)

SPEC REPOS:
  trunk:
    - Masonry

EXTERNAL SOURCES:
  CCMasView:
    :path: "../"

SPEC CHECKSUMS:
  CCMasView: 3533da8bf06d399d75b5ec181f389dd21843cf56
  Masonry: 678fab65091a9290e40e2832a55e7ab731aad201

PODFILE CHECKSUM: c5d0291a8e344581729ca1b849e2e956b2b8e373

COCOAPODS: 1.10.1
